
Microsoft Visual Studio Solution File, Format Version 12.00
# Visual Studio 15
VisualStudioVersion = 15.0.28307.168
MinimumVisualStudioVersion = 10.0.40219.1
Project("{888888A0-9F3D-457C-B088-3A5042F75D52}") = "RPGInventory", "RPGInventory\RPGInventory.pyproj", "{55ED9DFA-F722-4111-963F-D631CC9B37D7}"
EndProject
Global
	GlobalSection(SolutionConfigurationPlatforms) = preSolution
		Debug|Any CPU = Debug|Any CPU
		Release|Any CPU = Release|Any CPU
	EndGlobalSection
	GlobalSection(ProjectConfigurationPlatforms) = postSolution
		{55ED9DFA-F722-4111-963F-D631CC9B37D7}.Debug|Any CPU.ActiveCfg = Debug|Any CPU
		{55ED9DFA-F722-4111-963F-D631CC9B37D7}.Release|Any CPU.ActiveCfg = Release|Any CPU
	EndGlobalSection
	GlobalSection(SolutionProperties) = preSolution
		HideSolutionNode = FALSE
	EndGlobalSection
	GlobalSection(ExtensibilityGlobals) = postSolution
		SolutionGuid = {0D866EC9-BD45-47B8-9CF8-210F024A9CA8}
	EndGlobalSection
EndGlobal
